{
  "requires": true,
  "lockfileVersion": 1,
  "dependencies": {
    "@types/faker": {
      "version": "5.5.4",
      "resolved": "https://registry.npmjs.org/@types/faker/-/faker-5.5.4.tgz",
      "integrity": "sha512-1XxsrH9DjjjhLdi0J4MoGXcrjAmbTn1HR4Jyxs0MQVyESo9p7+AkHIl3Nd3jsUnoNzRCB8iFX/V9PLIPo73IeA=="
    },
    "@types/googlemaps": {
      "version": "3.30.20",
      "resolved": "https://registry.npmjs.org/@types/googlemaps/-/googlemaps-3.30.20.tgz",
      "integrity": "sha512-cTTLBYt6DNKMi359Tg2QndRUbgxvsOcSlFWBDL3OWI/VP7/od4TD6vrmO8ADYdr5elYF/az0frKXi9bddKeMgA=="
    },
    "faker": {
      "version": "5.5.3",
      "resolved": "https://registry.npmjs.org/faker/-/faker-5.5.3.tgz",
      "integrity": "sha512-wLTv2a28wjUyWkbnX7u/ABZBkUkIF2fCd73V6P2oFqEGEktDfzWx4UxrSqtPRw0xPRAcjeAOIiJWqZm3pP4u3g=="
    },
    "typescript": {
      "version": "4.2.4",
      "resolved": "https://registry.npmjs.org/typescript/-/typescript-4.2.4.tgz",
      "integrity": "sha512-V+evlYHZnQkaz8TRBuxTA92yZBPotr5H+WhQ7bD3hZUndx5tGOa1fuCgeSjxAzM1RiN5IzvadIXTVefuuwZCRg==",
      "dev": true
    }
  }
}
